
Microsoft Visual Studio Solution File, Format Version 12.00
# Visual Studio Version 16
VisualStudioVersion = 16.0.33423.256
MinimumVisualStudioVersion = 10.0.40219.1
Project("{FAE04EC0-301F-11D3-BF4B-00C04F79EFBC}") = "LostAndFound", "LostAndFound.csproj", "{1A8325D5-F00E-460C-A539-3CF91100D997}"
EndProject
Global
	GlobalSection(SolutionConfigurationPlatforms) = preSolution
		Debug|Any CPU = Debug|Any CPU
		Release|Any CPU = Release|Any CPU
	EndGlobalSection
	GlobalSection(ProjectConfigurationPlatforms) = postSolution
		{1A8325D5-F00E-460C-A539-3CF91100D997}.Debug|Any CPU.ActiveCfg = Debug|Any CPU
		{1A8325D5-F00E-460C-A539-3CF91100D997}.Debug|Any CPU.Build.0 = Debug|Any CPU
		{1A8325D5-F00E-460C-A539-3CF91100D997}.Release|Any CPU.ActiveCfg = Release|Any CPU
		{1A8325D5-F00E-460C-A539-3CF91100D997}.Release|Any CPU.Build.0 = Release|Any CPU
	EndGlobalSection
	GlobalSection(SolutionProperties) = preSolution
		HideSolutionNode = FALSE
	EndGlobalSection
	GlobalSection(ExtensibilityGlobals) = postSolution
		SolutionGuid = {08C4311C-9ACA-489D-8144-962F20F7652F}
	EndGlobalSection
EndGlobal
